
Microsoft Visual Studio Solution File, Format Version 12.00
# Visual Studio Version 17
VisualStudioVersion = 17.11.35222.181
MinimumVisualStudioVersion = 10.0.40219.1
Project("{FAE04EC0-301F-11D3-BF4B-00C04F79EFBC}") = "APP_REQUERIMIENTOS", "APP_REQUERIMIENTOS\APP_REQUERIMIENTOS.csproj", "{BD960C46-E316-4CA9-AD25-27FB0309B654}"
EndProject
Global
	GlobalSection(SolutionConfigurationPlatforms) = preSolution
		Debug|Any CPU = Debug|Any CPU
		Release|Any CPU = Release|Any CPU
	EndGlobalSection
	GlobalSection(ProjectConfigurationPlatforms) = postSolution
		{BD960C46-E316-4CA9-AD25-27FB0309B654}.Debug|Any CPU.ActiveCfg = Debug|Any CPU
		{BD960C46-E316-4CA9-AD25-27FB0309B654}.Debug|Any CPU.Build.0 = Debug|Any CPU
		{BD960C46-E316-4CA9-AD25-27FB0309B654}.Debug|Any CPU.Deploy.0 = Debug|Any CPU
		{BD960C46-E316-4CA9-AD25-27FB0309B654}.Release|Any CPU.ActiveCfg = Release|Any CPU
		{BD960C46-E316-4CA9-AD25-27FB0309B654}.Release|Any CPU.Build.0 = Release|Any CPU
		{BD960C46-E316-4CA9-AD25-27FB0309B654}.Release|Any CPU.Deploy.0 = Release|Any CPU
	EndGlobalSection
	GlobalSection(SolutionProperties) = preSolution
		HideSolutionNode = FALSE
	EndGlobalSection
	GlobalSection(ExtensibilityGlobals) = postSolution
		SolutionGuid = {5310FA2E-14B8-4F38-9925-8234A8A0B314}
	EndGlobalSection
EndGlobal
